// !$*UTF8*$!
{
	archiveVersion = 1;
	classes = {
	};
	objectVersion = 77;
	objects = {

/* Begin PBXBuildFile section */
		5EAB1E0000000000000000E3 /* Sentry in Frameworks */ = {isa = PBXBuildFile; productRef = 5EAB1E0000000000000000E2 /* Sentry */; };
		AB12CD00000000000000000C /* OrangeCloudWidgetsExtension.appex in Embed Foundation Extensions */ = {isa = PBXBuildFile; fileRef = AB12CD000000000000000001 /* OrangeCloudWidgetsExtension.appex */; settings = {ATTRIBUTES = (RemoveHeadersOnCopy, ); }; };
		E9AD1A792FE1B6A90020AAAF /* Orange Cloud Watch Watch App.app in Embed Watch Content */ = {isa = PBXBuildFile; fileRef = E9AD1A6F2FE1B6A80020AAAF /* Orange Cloud Watch Watch App.app */; settings = {ATTRIBUTES = (RemoveHeadersOnCopy, ); }; };
		E9AD1A852FE1B6CA0020AAAF /* WidgetKit.framework in Frameworks */ = {isa = PBXBuildFile; fileRef = E9AD1A842FE1B6CA0020AAAF /* WidgetKit.framework */; };
		E9AD1A872FE1B6CA0020AAAF /* SwiftUI.framework in Frameworks */ = {isa = PBXBuildFile; fileRef = E9AD1A862FE1B6CA0020AAAF /* SwiftUI.framework */; };
		E9AD1A962FE1B6CB0020AAAF /* Orange Cloud WatchExtension.appex in Embed Foundation Extensions */ = {isa = PBXBuildFile; fileRef = E9AD1A822FE1B6CA0020AAAF /* Orange Cloud WatchExtension.appex */; settings = {ATTRIBUTES = (RemoveHeadersOnCopy, ); }; };
		E9C176832FEED96400BFBC18 /* UniformTypeIdentifiers.framework in Frameworks */ = {isa = PBXBuildFile; fileRef = E9C176822FEED96400BFBC18 /* UniformTypeIdentifiers.framework */; };
		E9C1769E2FEED96500BFBC18 /* Orange Cloud File.appex in Embed Foundation Extensions */ = {isa = PBXBuildFile; fileRef = E9C176812FEED96400BFBC18 /* Orange Cloud File.appex */; settings = {ATTRIBUTES = (RemoveHeadersOnCopy, ); }; };
		E9C18C7B2FF10C7200BFBC18 /* notification.appex in Embed Foundation Extensions */ = {isa = PBXBuildFile; fileRef = E9C18C742FF10C7200BFBC18 /* notification.appex */; settings = {ATTRIBUTES = (RemoveHeadersOnCopy, ); }; };
/* End PBXBuildFile section */

/* Begin PBXContainerItemProxy section */
		AB12CD00000000000000000D /* PBXContainerItemProxy */ = {
			isa = PBXContainerItemProxy;
			containerPortal = E9EF3A1B2FD98F7B007C2377 /* Project object */;
			proxyType = 1;
			remoteGlobalIDString = AB12CD000000000000000004;
			remoteInfo = OrangeCloudWidgetsExtension;
		};
		E9AD1A772FE1B6A90020AAAF /* PBXContainerItemProxy */ = {
			isa = PBXContainerItemProxy;
			containerPortal = E9EF3A1B2FD98F7B007C2377 /* Project object */;
			proxyType = 1;
			remoteGlobalIDString = E9AD1A6E2FE1B6A80020AAAF;
			remoteInfo = "Orange Cloud Watch Watch App";
		};
		E9AD1A942FE1B6CB0020AAAF /* PBXContainerItemProxy */ = {
			isa = PBXContainerItemProxy;
			containerPortal = E9EF3A1B2FD98F7B007C2377 /* Project object */;
			proxyType = 1;
			remoteGlobalIDString = E9AD1A812FE1B6CA0020AAAF;
			remoteInfo = "Orange Cloud WatchExtension";
		};
		E9C1769C2FEED96500BFBC18 /* PBXContainerItemProxy */ = {
			isa = PBXContainerItemProxy;
			containerPortal = E9EF3A1B2FD98F7B007C2377 /* Project object */;
			proxyType = 1;
			remoteGlobalIDString = E9C176802FEED96400BFBC18;
			remoteInfo = "Orange Cloud File";
		};
		E9C18C792FF10C7200BFBC18 /* PBXContainerItemProxy */ = {
			isa = PBXContainerItemProxy;
			containerPortal = E9EF3A1B2FD98F7B007C2377 /* Project object */;
			proxyType = 1;
			remoteGlobalIDString = E9C18C732FF10C7200BFBC18;
			remoteInfo = notification;
		};
/* End PBXContainerItemProxy section */

/* Begin PBXCopyFilesBuildPhase section */
		AB12CD00000000000000000B /* Embed Foundation Extensions */ = {
			isa = PBXCopyFilesBuildPhase;
			buildActionMask = 2147483647;
			dstPath = "";
			dstSubfolderSpec = 13;
			files = (
				AB12CD00000000000000000C /* OrangeCloudWidgetsExtension.appex in Embed Foundation Extensions */,
				E9C18C7B2FF10C7200BFBC18 /* notification.appex in Embed Foundation Extensions */,
				E9C1769E2FEED96500BFBC18 /* Orange Cloud File.appex in Embed Foundation Extensions */,
			);
			name = "Embed Foundation Extensions";
			runOnlyForDeploymentPostprocessing = 0;
		};
		E9AD1A7D2FE1B6A90020AAAF /* Embed Watch Content */ = {
			isa = PBXCopyFilesBuildPhase;
			buildActionMask = 2147483647;
			dstPath = "$(CONTENTS_FOLDER_PATH)/Watch";
			dstSubfolderSpec = 16;
			files = (
				E9AD1A792FE1B6A90020AAAF /* Orange Cloud Watch Watch App.app in Embed Watch Content */,
			);
			name = "Embed Watch Content";
			runOnlyForDeploymentPostprocessing = 0;
		};
		E9AD1A9B2FE1B6CB0020AAAF /* Embed Foundation Extensions */ = {
			isa = PBXCopyFilesBuildPhase;
			buildActionMask = 2147483647;
			dstPath = "";
			dstSubfolderSpec = 13;
			files = (
				E9AD1A962FE1B6CB0020AAAF /* Orange Cloud WatchExtension.appex in Embed Foundation Extensions */,
			);
			name = "Embed Foundation Extensions";
			runOnlyForDeploymentPostprocessing = 0;
		};
/* End PBXCopyFilesBuildPhase section */

/* Begin PBXFileReference section */
		AB12CD000000000000000001 /* OrangeCloudWidgetsExtension.appex */ = {isa = PBXFileReference; explicitFileType = "wrapper.app-extension"; includeInIndex = 0; path = OrangeCloudWidgetsExtension.appex; sourceTree = BUILT_PRODUCTS_DIR; };
		E9AD1A6F2FE1B6A80020AAAF /* Orange Cloud Watch Watch App.app */ = {isa = PBXFileReference; explicitFileType = wrapper.application; includeInIndex = 0; path = "Orange Cloud Watch Watch App.app"; sourceTree = BUILT_PRODUCTS_DIR; };
		E9AD1A822FE1B6CA0020AAAF /* Orange Cloud WatchExtension.appex */ = {isa = PBXFileReference; explicitFileType = "wrapper.app-extension"; includeInIndex = 0; path = "Orange Cloud WatchExtension.appex"; sourceTree = BUILT_PRODUCTS_DIR; };
		E9AD1A842FE1B6CA0020AAAF /* WidgetKit.framework */ = {isa = PBXFileReference; lastKnownFileType = wrapper.framework; name = WidgetKit.framework; path = System/Library/Frameworks/WidgetKit.framework; sourceTree = SDKROOT; };
		E9AD1A862FE1B6CA0020AAAF /* SwiftUI.framework */ = {isa = PBXFileReference; lastKnownFileType = wrapper.framework; name = SwiftUI.framework; path = System/Library/Frameworks/SwiftUI.framework; sourceTree = SDKROOT; };
		E9C176812FEED96400BFBC18 /* Orange Cloud File.appex */ = {isa = PBXFileReference; explicitFileType = "wrapper.app-extension"; includeInIndex = 0; path = "Orange Cloud File.appex"; sourceTree = BUILT_PRODUCTS_DIR; };
		E9C176822FEED96400BFBC18 /* UniformTypeIdentifiers.framework */ = {isa = PBXFileReference; lastKnownFileType = wrapper.framework; name = UniformTypeIdentifiers.framework; path = System/Library/Frameworks/UniformTypeIdentifiers.framework; sourceTree = SDKROOT; };
		E9C18C742FF10C7200BFBC18 /* notification.appex */ = {isa = PBXFileReference; explicitFileType = "wrapper.app-extension"; includeInIndex = 0; path = notification.appex; sourceTree = BUILT_PRODUCTS_DIR; };
		E9E3005B2FDB3E3C00EC1E10 /* OrangeCloud.storekit */ = {isa = PBXFileReference; lastKnownFileType = text; path = OrangeCloud.storekit; sourceTree = "<group>"; };
		E9EF3A232FD98F7B007C2377 /* Orange Cloud.app */ = {isa = PBXFileReference; explicitFileType = wrapper.application; includeInIndex = 0; path = "Orange Cloud.app"; sourceTree = BUILT_PRODUCTS_DIR; };
/* End PBXFileReference section */

/* Begin PBXFileSystemSynchronizedBuildFileExceptionSet section */
		AB12CD00000000000000000F /* Exceptions for "OrangeCloudWidgets" folder in "OrangeCloudWidgetsExtension" target */ = {
			isa = PBXFileSystemSynchronizedBuildFileExceptionSet;
			membershipExceptions = (
				Info.plist,
			);
			target = AB12CD000000000000000004 /* OrangeCloudWidgetsExtension */;
		};
		E9AD1A9A2FE1B6CB0020AAAF /* Exceptions for "Orange Cloud Watch" folder in "Orange Cloud WatchExtension" target */ = {
			isa = PBXFileSystemSynchronizedBuildFileExceptionSet;
			membershipExceptions = (
				Info.plist,
			);
			target = E9AD1A812FE1B6CA0020AAAF /* Orange Cloud WatchExtension */;
		};
		E9AD1AEE0000000000000001 /* Exceptions for "Shared" folder in "Orange Cloud Watch Watch App" target */ = {
			isa = PBXFileSystemSynchronizedBuildFileExceptionSet;
			membershipExceptions = (
				TailActivityAttributes.swift,
			);
			target = E9AD1A6E2FE1B6A80020AAAF /* Orange Cloud Watch Watch App */;
		};
		E9AD1AEE0000000000000002 /* Exceptions for "Shared" folder in "Orange Cloud WatchExtension" target */ = {
			isa = PBXFileSystemSynchronizedBuildFileExceptionSet;
			membershipExceptions = (
				TailActivityAttributes.swift,
			);
			target = E9AD1A812FE1B6CA0020AAAF /* Orange Cloud WatchExtension */;
		};
		E9C176A62FEED96500BFBC18 /* Exceptions for "Orange Cloud File" folder in "Orange Cloud File" target */ = {
			isa = PBXFileSystemSynchronizedBuildFileExceptionSet;
			membershipExceptions = (
				Info.plist,
			);
			target = E9C176802FEED96400BFBC18 /* Orange Cloud File */;
		};
		E9C18C7F2FF10C7200BFBC18 /* Exceptions for "notification" folder in "notification" target */ = {
			isa = PBXFileSystemSynchronizedBuildFileExceptionSet;
			membershipExceptions = (
				Info.plist,
			);
			target = E9C18C732FF10C7200BFBC18 /* notification */;
		};
		E9EF3A302FD98F7C007C2377 /* Exceptions for "Orange Cloud" folder in "Orange Cloud" target */ = {
			isa = PBXFileSystemSynchronizedBuildFileExceptionSet;
			membershipExceptions = (
				Info.plist,
			);
			target = E9EF3A222FD98F7B007C2377 /* Orange Cloud */;
		};
/* End PBXFileSystemSynchronizedBuildFileExceptionSet section */

/* Begin PBXFileSystemSynchronizedRootGroup section */
		AB12CD000000000000000002 /* OrangeCloudWidgets */ = {
			isa = PBXFileSystemSynchronizedRootGroup;
			exceptions = (
				AB12CD00000000000000000F /* Exceptions for "OrangeCloudWidgets" folder in "OrangeCloudWidgetsExtension" target */,
			);
			path = OrangeCloudWidgets;
			sourceTree = "<group>";
		};
		AB12CD000000000000000003 /* Shared */ = {
			isa = PBXFileSystemSynchronizedRootGroup;
			exceptions = (
				E9AD1AEE0000000000000001 /* Exceptions for "Shared" folder in "Orange Cloud Watch Watch App" target */,
				E9AD1AEE0000000000000002 /* Exceptions for "Shared" folder in "Orange Cloud WatchExtension" target */,
			);
			path = Shared;
			sourceTree = "<group>";
		};
		E9AD1A702FE1B6A80020AAAF /* Orange Cloud Watch Watch App */ = {
			isa = PBXFileSystemSynchronizedRootGroup;
			path = "Orange Cloud Watch Watch App";
			sourceTree = "<group>";
		};
		E9AD1A882FE1B6CA0020AAAF /* Orange Cloud Watch */ = {
			isa = PBXFileSystemSynchronizedRootGroup;
			exceptions = (
				E9AD1A9A2FE1B6CB0020AAAF /* Exceptions for "Orange Cloud Watch" folder in "Orange Cloud WatchExtension" target */,
			);
			path = "Orange Cloud Watch";
			sourceTree = "<group>";
		};
		E9C176842FEED96400BFBC18 /* Orange Cloud File */ = {
			isa = PBXFileSystemSynchronizedRootGroup;
			exceptions = (
				E9C176A62FEED96500BFBC18 /* Exceptions for "Orange Cloud File" folder in "Orange Cloud File" target */,
			);
			path = "Orange Cloud File";
			sourceTree = "<group>";
		};
		E9C18C752FF10C7200BFBC18 /* notification */ = {
			isa = PBXFileSystemSynchronizedRootGroup;
			exceptions = (
				E9C18C7F2FF10C7200BFBC18 /* Exceptions for "notification" folder in "notification" target */,
			);
			path = notification;
			sourceTree = "<group>";
		};
		E9EF3A252FD98F7B007C2377 /* Orange Cloud */ = {
			isa = PBXFileSystemSynchronizedRootGroup;
			exceptions = (
				E9EF3A302FD98F7C007C2377 /* Exceptions for "Orange Cloud" folder in "Orange Cloud" target */,
			);
			path = "Orange Cloud";
			sourceTree = "<group>";
		};
/* End PBXFileSystemSynchronizedRootGroup section */

/* Begin PBXFrameworksBuildPhase section */
		AB12CD000000000000000006 /* Frameworks */ = {
			isa = PBXFrameworksBuildPhase;
			buildActionMask = 2147483647;
			files = (
			);
			runOnlyForDeploymentPostprocessing = 0;
		};
		E9AD1A6C2FE1B6A80020AAAF /* Frameworks */ = {
			isa = PBXFrameworksBuildPhase;
			buildActionMask = 2147483647;
			files = (
			);
			runOnlyForDeploymentPostprocessing = 0;
		};
		E9AD1A7F2FE1B6CA0020AAAF /* Frameworks */ = {
			isa = PBXFrameworksBuildPhase;
			buildActionMask = 2147483647;
			files = (
				E9AD1A872FE1B6CA0020AAAF /* SwiftUI.framework in Frameworks */,
				E9AD1A852FE1B6CA0020AAAF /* WidgetKit.framework in Frameworks */,
			);
			runOnlyForDeploymentPostprocessing = 0;
		};
		E9C1767E2FEED96400BFBC18 /* Frameworks */ = {
			isa = PBXFrameworksBuildPhase;
			buildActionMask = 2147483647;
			files = (
				E9C176832FEED96400BFBC18 /* UniformTypeIdentifiers.framework in Frameworks */,
			);
			runOnlyForDeploymentPostprocessing = 0;
		};
		E9C18C712FF10C7200BFBC18 /* Frameworks */ = {
			isa = PBXFrameworksBuildPhase;
			buildActionMask = 2147483647;
			files = (
			);
			runOnlyForDeploymentPostprocessing = 0;
		};
		E9EF3A202FD98F7B007C2377 /* Frameworks */ = {
			isa = PBXFrameworksBuildPhase;
			buildActionMask = 2147483647;
			files = (
				5EAB1E0000000000000000E3 /* Sentry in Frameworks */,
			);
			runOnlyForDeploymentPostprocessing = 0;
		};
/* End PBXFrameworksBuildPhase section */

/* Begin PBXGroup section */
		E9AD1A832FE1B6CA0020AAAF /* Frameworks */ = {
			isa = PBXGroup;
			children = (
				E9AD1A842FE1B6CA0020AAAF /* WidgetKit.framework */,
				E9AD1A862FE1B6CA0020AAAF /* SwiftUI.framework */,
				E9C176822FEED96400BFBC18 /* UniformTypeIdentifiers.framework */,
			);
			name = Frameworks;
			sourceTree = "<group>";
		};
		E9EF3A1A2FD98F7B007C2377 = {
			isa = PBXGroup;
			children = (
				E9E3005B2FDB3E3C00EC1E10 /* OrangeCloud.storekit */,
				E9EF3A252FD98F7B007C2377 /* Orange Cloud */,
				AB12CD000000000000000003 /* Shared */,
				AB12CD000000000000000002 /* OrangeCloudWidgets */,
				E9AD1A702FE1B6A80020AAAF /* Orange Cloud Watch Watch App */,
				E9AD1A882FE1B6CA0020AAAF /* Orange Cloud Watch */,
				E9C176842FEED96400BFBC18 /* Orange Cloud File */,
				E9C18C752FF10C7200BFBC18 /* notification */,
				E9AD1A832FE1B6CA0020AAAF /* Frameworks */,
				E9EF3A242FD98F7B007C2377 /* Products */,
			);
			sourceTree = "<group>";
		};
		E9EF3A242FD98F7B007C2377 /* Products */ = {
			isa = PBXGroup;
			children = (
				E9EF3A232FD98F7B007C2377 /* Orange Cloud.app */,
				AB12CD000000000000000001 /* OrangeCloudWidgetsExtension.appex */,
				E9AD1A6F2FE1B6A80020AAAF /* Orange Cloud Watch Watch App.app */,
				E9AD1A822FE1B6CA0020AAAF /* Orange Cloud WatchExtension.appex */,
				E9C176812FEED96400BFBC18 /* Orange Cloud File.appex */,
				E9C18C742FF10C7200BFBC18 /* notification.appex */,
			);
			name = Products;
			sourceTree = "<group>";
		};
/* End PBXGroup section */

/* Begin PBXNativeTarget section */
		AB12CD000000000000000004 /* OrangeCloudWidgetsExtension */ = {
			isa = PBXNativeTarget;
			buildConfigurationList = AB12CD000000000000000008 /* Build configuration list for PBXNativeTarget "OrangeCloudWidgetsExtension" */;
			buildPhases = (
				AB12CD000000000000000005 /* Sources */,
				AB12CD000000000000000006 /* Frameworks */,
				AB12CD000000000000000007 /* Resources */,
			);
			buildRules = (
			);
			dependencies = (
			);
			fileSystemSynchronizedGroups = (
				AB12CD000000000000000002 /* OrangeCloudWidgets */,
				AB12CD000000000000000003 /* Shared */,
			);
			name = OrangeCloudWidgetsExtension;
			packageProductDependencies = (
			);
			productName = OrangeCloudWidgetsExtension;
			productReference = AB12CD000000000000000001 /* OrangeCloudWidgetsExtension.appex */;
			productType = "com.apple.product-type.app-extension";
		};
		E9AD1A6E2FE1B6A80020AAAF /* Orange Cloud Watch Watch App */ = {
			isa = PBXNativeTarget;
			buildConfigurationList = E9AD1A7A2FE1B6A90020AAAF /* Build configuration list for PBXNativeTarget "Orange Cloud Watch Watch App" */;
			buildPhases = (
				E9AD1A6B2FE1B6A80020AAAF /* Sources */,
				E9AD1A6C2FE1B6A80020AAAF /* Frameworks */,
				E9AD1A6D2FE1B6A80020AAAF /* Resources */,
				E9AD1A9B2FE1B6CB0020AAAF /* Embed Foundation Extensions */,
			);
			buildRules = (
			);
			dependencies = (
				E9AD1A952FE1B6CB0020AAAF /* PBXTargetDependency */,
			);
			fileSystemSynchronizedGroups = (
				AB12CD000000000000000003 /* Shared */,
				E9AD1A702FE1B6A80020AAAF /* Orange Cloud Watch Watch App */,
			);
			name = "Orange Cloud Watch Watch App";
			packageProductDependencies = (
			);
			productName = "Orange Cloud Watch Watch App";
			productReference = E9AD1A6F2FE1B6A80020AAAF /* Orange Cloud Watch Watch App.app */;
			productType = "com.apple.product-type.application";
		};
		E9AD1A812FE1B6CA0020AAAF /* Orange Cloud WatchExtension */ = {
			isa = PBXNativeTarget;
			buildConfigurationList = E9AD1A972FE1B6CB0020AAAF /* Build configuration list for PBXNativeTarget "Orange Cloud WatchExtension" */;
			buildPhases = (
				E9AD1A7E2FE1B6CA0020AAAF /* Sources */,
				E9AD1A7F2FE1B6CA0020AAAF /* Frameworks */,
				E9AD1A802FE1B6CA0020AAAF /* Resources */,
			);
			buildRules = (
			);
			dependencies = (
			);
			fileSystemSynchronizedGroups = (
				AB12CD000000000000000003 /* Shared */,
				E9AD1A882FE1B6CA0020AAAF /* Orange Cloud Watch */,
			);
			name = "Orange Cloud WatchExtension";
			packageProductDependencies = (
			);
			productName = "Orange Cloud WatchExtension";
			productReference = E9AD1A822FE1B6CA0020AAAF /* Orange Cloud WatchExtension.appex */;
			productType = "com.apple.product-type.app-extension";
		};
		E9C176802FEED96400BFBC18 /* Orange Cloud File */ = {
			isa = PBXNativeTarget;
			buildConfigurationList = E9C176A52FEED96500BFBC18 /* Build configuration list for PBXNativeTarget "Orange Cloud File" */;
			buildPhases = (
				E9C1767D2FEED96400BFBC18 /* Sources */,
				E9C1767E2FEED96400BFBC18 /* Frameworks */,
				E9C1767F2FEED96400BFBC18 /* Resources */,
			);
			buildRules = (
			);
			dependencies = (
			);
			fileSystemSynchronizedGroups = (
				E9C176842FEED96400BFBC18 /* Orange Cloud File */,
			);
			name = "Orange Cloud File";
			packageProductDependencies = (
			);
			productName = "Orange Cloud File";
			productReference = E9C176812FEED96400BFBC18 /* Orange Cloud File.appex */;
			productType = "com.apple.product-type.app-extension";
		};
		E9C18C732FF10C7200BFBC18 /* notification */ = {
			isa = PBXNativeTarget;
			buildConfigurationList = E9C18C7E2FF10C7200BFBC18 /* Build configuration list for PBXNativeTarget "notification" */;
			buildPhases = (
				E9C18C702FF10C7200BFBC18 /* Sources */,
				E9C18C712FF10C7200BFBC18 /* Frameworks */,
				E9C18C722FF10C7200BFBC18 /* Resources */,
			);
			buildRules = (
			);
			dependencies = (
			);
			fileSystemSynchronizedGroups = (
				E9C18C752FF10C7200BFBC18 /* notification */,
			);
			name = notification;
			packageProductDependencies = (
			);
			productName = notification;
			productReference = E9C18C742FF10C7200BFBC18 /* notification.appex */;
			productType = "com.apple.product-type.app-extension";
		};
		E9EF3A222FD98F7B007C2377 /* Orange Cloud */ = {
			isa = PBXNativeTarget;
			buildConfigurationList = E9EF3A312FD98F7C007C2377 /* Build configuration list for PBXNativeTarget "Orange Cloud" */;
			buildPhases = (
				E9EF3A1F2FD98F7B007C2377 /* Sources */,
				E9EF3A202FD98F7B007C2377 /* Frameworks */,
				E9EF3A212FD98F7B007C2377 /* Resources */,
				AB12CD00000000000000000B /* Embed Foundation Extensions */,
				E9AD1A7D2FE1B6A90020AAAF /* Embed Watch Content */,
			);
			buildRules = (
			);
			dependencies = (
				AB12CD00000000000000000E /* PBXTargetDependency */,
				E9AD1A782FE1B6A90020AAAF /* PBXTargetDependency */,
				E9C1769D2FEED96500BFBC18 /* PBXTargetDependency */,
				E9C18C7A2FF10C7200BFBC18 /* PBXTargetDependency */,
			);
			fileSystemSynchronizedGroups = (
				AB12CD000000000000000003 /* Shared */,
				E9EF3A252FD98F7B007C2377 /* Orange Cloud */,
			);
			name = "Orange Cloud";
			packageProductDependencies = (
				5EAB1E0000000000000000E2 /* Sentry */,
			);
			productName = "Orange Cloud";
			productReference = E9EF3A232FD98F7B007C2377 /* Orange Cloud.app */;
			productType = "com.apple.product-type.application";
		};
/* End PBXNativeTarget section */

/* Begin PBXProject section */
		E9EF3A1B2FD98F7B007C2377 /* Project object */ = {
			isa = PBXProject;
			attributes = {
				BuildIndependentTargetsInParallel = 1;
				LastSwiftUpdateCheck = 2700;
				LastUpgradeCheck = 2700;
				TargetAttributes = {
					AB12CD000000000000000004 = {
						CreatedOnToolsVersion = 26.5;
					};
					E9AD1A6E2FE1B6A80020AAAF = {
						CreatedOnToolsVersion = 27.0;
					};
					E9AD1A812FE1B6CA0020AAAF = {
						CreatedOnToolsVersion = 27.0;
					};
					E9C176802FEED96400BFBC18 = {
						CreatedOnToolsVersion = 27.0;
					};
					E9C18C732FF10C7200BFBC18 = {
						CreatedOnToolsVersion = 27.0;
					};
					E9EF3A222FD98F7B007C2377 = {
						CreatedOnToolsVersion = 26.5;
					};
				};
			};
			buildConfigurationList = E9EF3A1E2FD98F7B007C2377 /* Build configuration list for PBXProject "Orange Cloud" */;
			developmentRegion = "zh-Hans";
			hasScannedForEncodings = 0;
			knownRegions = (
				"zh-Hans",
				"zh-Hant",
				"zh-HK",
				en,
				ja,
				"es-MX",
				ko,
				"pt-BR",
				"pt-PT",
				ar,
				de,
				fr,
				tr,
				Base,
			);
			mainGroup = E9EF3A1A2FD98F7B007C2377;
			minimizedProjectReferenceProxies = 1;
			packageReferences = (
				5EAB1E0000000000000000E1 /* XCRemoteSwiftPackageReference "sentry-cocoa" */,
			);
			preferredProjectObjectVersion = 77;
			productRefGroup = E9EF3A242FD98F7B007C2377 /* Products */;
			projectDirPath = "";
			projectRoot = "";
			targets = (
				E9EF3A222FD98F7B007C2377 /* Orange Cloud */,
				AB12CD000000000000000004 /* OrangeCloudWidgetsExtension */,
				E9AD1A6E2FE1B6A80020AAAF /* Orange Cloud Watch Watch App */,
				E9AD1A812FE1B6CA0020AAAF /* Orange Cloud WatchExtension */,
				E9C176802FEED96400BFBC18 /* Orange Cloud File */,
				E9C18C732FF10C7200BFBC18 /* notification */,
			);
		};
/* End PBXProject section */

/* Begin PBXResourcesBuildPhase section */
		AB12CD000000000000000007 /* Resources */ = {
			isa = PBXResourcesBuildPhase;
			buildActionMask = 2147483647;
			files = (
			);
			runOnlyForDeploymentPostprocessing = 0;
		};
		E9AD1A6D2FE1B6A80020AAAF /* Resources */ = {
			isa = PBXResourcesBuildPhase;
			buildActionMask = 2147483647;
			files = (
			);
			runOnlyForDeploymentPostprocessing = 0;
		};
		E9AD1A802FE1B6CA0020AAAF /* Resources */ = {
			isa = PBXResourcesBuildPhase;
			buildActionMask = 2147483647;
			files = (
			);
			runOnlyForDeploymentPostprocessing = 0;
		};
		E9C1767F2FEED96400BFBC18 /* Resources */ = {
			isa = PBXResourcesBuildPhase;
			buildActionMask = 2147483647;
			files = (
			);
			runOnlyForDeploymentPostprocessing = 0;
		};
		E9C18C722FF10C7200BFBC18 /* Resources */ = {
			isa = PBXResourcesBuildPhase;
			buildActionMask = 2147483647;
			files = (
			);
			runOnlyForDeploymentPostprocessing = 0;
		};
		E9EF3A212FD98F7B007C2377 /* Resources */ = {
			isa = PBXResourcesBuildPhase;
			buildActionMask = 2147483647;
			files = (
			);
			runOnlyForDeploymentPostprocessing = 0;
		};
/* End PBXResourcesBuildPhase section */

/* Begin PBXSourcesBuildPhase section */
		AB12CD000000000000000005 /* Sources */ = {
			isa = PBXSourcesBuildPhase;
			buildActionMask = 2147483647;
			files = (
			);
			runOnlyForDeploymentPostprocessing = 0;
		};
		E9AD1A6B2FE1B6A80020AAAF /* Sources */ = {
			isa = PBXSourcesBuildPhase;
			buildActionMask = 2147483647;
			files = (
			);
			runOnlyForDeploymentPostprocessing = 0;
		};
		E9AD1A7E2FE1B6CA0020AAAF /* Sources */ = {
			isa = PBXSourcesBuildPhase;
			buildActionMask = 2147483647;
			files = (
			);
			runOnlyForDeploymentPostprocessing = 0;
		};
		E9C1767D2FEED96400BFBC18 /* Sources */ = {
			isa = PBXSourcesBuildPhase;
			buildActionMask = 2147483647;
			files = (
			);
			runOnlyForDeploymentPostprocessing = 0;
		};
		E9C18C702FF10C7200BFBC18 /* Sources */ = {
			isa = PBXSourcesBuildPhase;
			buildActionMask = 2147483647;
			files = (
			);
			runOnlyForDeploymentPostprocessing = 0;
		};
		E9EF3A1F2FD98F7B007C2377 /* Sources */ = {
			isa = PBXSourcesBuildPhase;
			buildActionMask = 2147483647;
			files = (
			);
			runOnlyForDeploymentPostprocessing = 0;
		};
/* End PBXSourcesBuildPhase section */

/* Begin PBXTargetDependency section */
		AB12CD00000000000000000E /* PBXTargetDependency */ = {
			isa = PBXTargetDependency;
			target = AB12CD000000000000000004 /* OrangeCloudWidgetsExtension */;
			targetProxy = AB12CD00000000000000000D /* PBXContainerItemProxy */;
		};
		E9AD1A782FE1B6A90020AAAF /* PBXTargetDependency */ = {
			isa = PBXTargetDependency;
			target = E9AD1A6E2FE1B6A80020AAAF /* Orange Cloud Watch Watch App */;
			targetProxy = E9AD1A772FE1B6A90020AAAF /* PBXContainerItemProxy */;
		};
		E9AD1A952FE1B6CB0020AAAF /* PBXTargetDependency */ = {
			isa = PBXTargetDependency;
			target = E9AD1A812FE1B6CA0020AAAF /* Orange Cloud WatchExtension */;
			targetProxy = E9AD1A942FE1B6CB0020AAAF /* PBXContainerItemProxy */;
		};
		E9C1769D2FEED96500BFBC18 /* PBXTargetDependency */ = {
			isa = PBXTargetDependency;
			target = E9C176802FEED96400BFBC18 /* Orange Cloud File */;
			targetProxy = E9C1769C2FEED96500BFBC18 /* PBXContainerItemProxy */;
		};
		E9C18C7A2FF10C7200BFBC18 /* PBXTargetDependency */ = {
			isa = PBXTargetDependency;
			target = E9C18C732FF10C7200BFBC18 /* notification */;
			targetProxy = E9C18C792FF10C7200BFBC18 /* PBXContainerItemProxy */;
		};
/* End PBXTargetDependency section */

/* Begin XCBuildConfiguration section */
		AB12CD000000000000000009 /* Debug */ = {
			isa = XCBuildConfiguration;
			buildSettings = {
				ASSETCATALOG_COMPILER_GLOBAL_ACCENT_COLOR_NAME = AccentColor;
				CODE_SIGN_ENTITLEMENTS = OrangeCloudWidgets/OrangeCloudWidgets.entitlements;
				CODE_SIGN_STYLE = Automatic;
				CURRENT_PROJECT_VERSION = 31;
				DEVELOPMENT_TEAM = 6G78MMY657;
				GENERATE_INFOPLIST_FILE = YES;
				INFOPLIST_FILE = OrangeCloudWidgets/Info.plist;
				INFOPLIST_KEY_CFBundleDisplayName = "Orange Cloud";
				INFOPLIST_KEY_NSHumanReadableCopyright = "";
				IPHONEOS_DEPLOYMENT_TARGET = 17.0;
				LD_RUNPATH_SEARCH_PATHS = (
					"$(inherited)",
					"@executable_path/Frameworks",
					"@executable_path/../../Frameworks",
				);
				MARKETING_VERSION = 1.8.4;
				PRODUCT_BUNDLE_IDENTIFIER = "jiamin.chen.orange-cloud.widgets";
				PRODUCT_NAME = "$(TARGET_NAME)";
				SKIP_INSTALL = YES;
				SUPPORTED_PLATFORMS = "iphoneos iphonesimulator";
				SWIFT_APPROACHABLE_CONCURRENCY = YES;
				SWIFT_DEFAULT_ACTOR_ISOLATION = MainActor;
				SWIFT_EMIT_LOC_STRINGS = YES;
				SWIFT_UPCOMING_FEATURE_MEMBER_IMPORT_VISIBILITY = YES;
				SWIFT_VERSION = 5.0;
				TARGETED_DEVICE_FAMILY = "1,2";
			};
			name = Debug;
		};
		AB12CD00000000000000000A /* Release */ = {
			isa = XCBuildConfiguration;
			buildSettings = {
				ASSETCATALOG_COMPILER_GLOBAL_ACCENT_COLOR_NAME = AccentColor;
				CODE_SIGN_ENTITLEMENTS = OrangeCloudWidgets/OrangeCloudWidgets.entitlements;
				CODE_SIGN_STYLE = Automatic;
				CURRENT_PROJECT_VERSION = 31;
				DEVELOPMENT_TEAM = 6G78MMY657;
				GENERATE_INFOPLIST_FILE = YES;
				INFOPLIST_FILE = OrangeCloudWidgets/Info.plist;
				INFOPLIST_KEY_CFBundleDisplayName = "Orange Cloud";
				INFOPLIST_KEY_NSHumanReadableCopyright = "";
				IPHONEOS_DEPLOYMENT_TARGET = 17.0;
				LD_RUNPATH_SEARCH_PATHS = (
					"$(inherited)",
					"@executable_path/Frameworks",
					"@executable_path/../../Frameworks",
				);
				MARKETING_VERSION = 1.8.4;
				PRODUCT_BUNDLE_IDENTIFIER = "jiamin.chen.orange-cloud.widgets";
				PRODUCT_NAME = "$(TARGET_NAME)";
				SKIP_INSTALL = YES;
				SUPPORTED_PLATFORMS = "iphoneos iphonesimulator";
				SWIFT_APPROACHABLE_CONCURRENCY = YES;
				SWIFT_DEFAULT_ACTOR_ISOLATION = MainActor;
				SWIFT_EMIT_LOC_STRINGS = YES;
				SWIFT_UPCOMING_FEATURE_MEMBER_IMPORT_VISIBILITY = YES;
				SWIFT_VERSION = 5.0;
				TARGETED_DEVICE_FAMILY = "1,2";
			};
			name = Release;
		};
		E9AD1A7B2FE1B6A90020AAAF /* Debug */ = {
			isa = XCBuildConfiguration;
			buildSettings = {
				ASSETCATALOG_COMPILER_APPICON_NAME = AppIcon;
				ASSETCATALOG_COMPILER_GLOBAL_ACCENT_COLOR_NAME = AccentColor;
				CODE_SIGN_ENTITLEMENTS = "Orange Cloud Watch Watch App/OrangeCloudWatch.entitlements";
				CODE_SIGN_STYLE = Automatic;
				CURRENT_PROJECT_VERSION = 31;
				DEVELOPMENT_TEAM = 6G78MMY657;
				ENABLE_PREVIEWS = YES;
				GENERATE_INFOPLIST_FILE = YES;
				INFOPLIST_KEY_CFBundleDisplayName = "Orange Cloud";
				INFOPLIST_KEY_UISupportedInterfaceOrientations = "UIInterfaceOrientationPortrait UIInterfaceOrientationPortraitUpsideDown";
				INFOPLIST_KEY_WKCompanionAppBundleIdentifier = "jiamin.chen.orange-cloud";
				LD_RUNPATH_SEARCH_PATHS = (
					"$(inherited)",
					"@executable_path/Frameworks",
				);
				MARKETING_VERSION = 1.8.4;
				PRODUCT_BUNDLE_IDENTIFIER = "jiamin.chen.orange-cloud.watchkitapp";
				PRODUCT_NAME = "$(TARGET_NAME)";
				SDKROOT = watchos;
				SKIP_INSTALL = YES;
				STRING_CATALOG_GENERATE_SYMBOLS = YES;
				SWIFT_APPROACHABLE_CONCURRENCY = YES;
				SWIFT_DEFAULT_ACTOR_ISOLATION = MainActor;
				SWIFT_EMIT_LOC_STRINGS = YES;
				SWIFT_UPCOMING_FEATURE_MEMBER_IMPORT_VISIBILITY = YES;
				SWIFT_VERSION = 5.0;
				TARGETED_DEVICE_FAMILY = 4;
				WATCHOS_DEPLOYMENT_TARGET = 10.6;
			};
			name = Debug;
		};
		E9AD1A7C2FE1B6A90020AAAF /* Release */ = {
			isa = XCBuildConfiguration;
			buildSettings = {
				ASSETCATALOG_COMPILER_APPICON_NAME = AppIcon;
				ASSETCATALOG_COMPILER_GLOBAL_ACCENT_COLOR_NAME = AccentColor;
				CODE_SIGN_ENTITLEMENTS = "Orange Cloud Watch Watch App/OrangeCloudWatch.entitlements";
				CODE_SIGN_STYLE = Automatic;
				CURRENT_PROJECT_VERSION = 31;
				DEVELOPMENT_TEAM = 6G78MMY657;
				ENABLE_PREVIEWS = YES;
				GENERATE_INFOPLIST_FILE = YES;
				INFOPLIST_KEY_CFBundleDisplayName = "Orange Cloud";
				INFOPLIST_KEY_UISupportedInterfaceOrientations = "UIInterfaceOrientationPortrait UIInterfaceOrientationPortraitUpsideDown";
				INFOPLIST_KEY_WKCompanionAppBundleIdentifier = "jiamin.chen.orange-cloud";
				LD_RUNPATH_SEARCH_PATHS = (
					"$(inherited)",
					"@executable_path/Frameworks",
				);
				MARKETING_VERSION = 1.8.4;
				PRODUCT_BUNDLE_IDENTIFIER = "jiamin.chen.orange-cloud.watchkitapp";
				PRODUCT_NAME = "$(TARGET_NAME)";
				SDKROOT = watchos;
				SKIP_INSTALL = YES;
				STRING_CATALOG_GENERATE_SYMBOLS = YES;
				SWIFT_APPROACHABLE_CONCURRENCY = YES;
				SWIFT_DEFAULT_ACTOR_ISOLATION = MainActor;
				SWIFT_EMIT_LOC_STRINGS = YES;
				SWIFT_UPCOMING_FEATURE_MEMBER_IMPORT_VISIBILITY = YES;
				SWIFT_VERSION = 5.0;
				TARGETED_DEVICE_FAMILY = 4;
				WATCHOS_DEPLOYMENT_TARGET = 10.6;
			};
			name = Release;
		};
		E9AD1A982FE1B6CB0020AAAF /* Debug */ = {
			isa = XCBuildConfiguration;
			buildSettings = {
				ASSETCATALOG_COMPILER_GLOBAL_ACCENT_COLOR_NAME = AccentColor;
				ASSETCATALOG_COMPILER_WIDGET_BACKGROUND_COLOR_NAME = WidgetBackground;
				CODE_SIGN_ENTITLEMENTS = "Orange Cloud Watch/OrangeCloudWatchExtension.entitlements";
				CODE_SIGN_STYLE = Automatic;
				CURRENT_PROJECT_VERSION = 31;
				DEVELOPMENT_TEAM = 6G78MMY657;
				GENERATE_INFOPLIST_FILE = YES;
				INFOPLIST_FILE = "Orange Cloud Watch/Info.plist";
				INFOPLIST_KEY_CFBundleDisplayName = "Orange Cloud";
				INFOPLIST_KEY_NSHumanReadableCopyright = "";
				LD_RUNPATH_SEARCH_PATHS = (
					"$(inherited)",
					"@executable_path/Frameworks",
					"@executable_path/../../Frameworks",
					"@executable_path/../../../../Frameworks",
				);
				MARKETING_VERSION = 1.8.4;
				PRODUCT_BUNDLE_IDENTIFIER = "jiamin.chen.orange-cloud.watchkitapp.wdigets";
				PRODUCT_NAME = "$(TARGET_NAME)";
				SDKROOT = watchos;
				SKIP_INSTALL = YES;
				STRING_CATALOG_GENERATE_SYMBOLS = YES;
				SWIFT_APPROACHABLE_CONCURRENCY = YES;
				SWIFT_EMIT_LOC_STRINGS = YES;
				SWIFT_UPCOMING_FEATURE_MEMBER_IMPORT_VISIBILITY = YES;
				SWIFT_VERSION = 5.0;
				TARGETED_DEVICE_FAMILY = 4;
				WATCHOS_DEPLOYMENT_TARGET = 10.6;
			};
			name = Debug;
		};
		E9AD1A992FE1B6CB0020AAAF /* Release */ = {
			isa = XCBuildConfiguration;
			buildSettings = {
				ASSETCATALOG_COMPILER_GLOBAL_ACCENT_COLOR_NAME = AccentColor;
				ASSETCATALOG_COMPILER_WIDGET_BACKGROUND_COLOR_NAME = WidgetBackground;
				CODE_SIGN_ENTITLEMENTS = "Orange Cloud Watch/OrangeCloudWatchExtension.entitlements";
				CODE_SIGN_STYLE = Automatic;
				CURRENT_PROJECT_VERSION = 31;
				DEVELOPMENT_TEAM = 6G78MMY657;
				GENERATE_INFOPLIST_FILE = YES;
				INFOPLIST_FILE = "Orange Cloud Watch/Info.plist";
				INFOPLIST_KEY_CFBundleDisplayName = "Orange Cloud";
				INFOPLIST_KEY_NSHumanReadableCopyright = "";
				LD_RUNPATH_SEARCH_PATHS = (
					"$(inherited)",
					"@executable_path/Frameworks",
					"@executable_path/../../Frameworks",
					"@executable_path/../../../../Frameworks",
				);
				MARKETING_VERSION = 1.8.4;
				PRODUCT_BUNDLE_IDENTIFIER = "jiamin.chen.orange-cloud.watchkitapp.wdigets";
				PRODUCT_NAME = "$(TARGET_NAME)";
				SDKROOT = watchos;
				SKIP_INSTALL = YES;
				STRING_CATALOG_GENERATE_SYMBOLS = YES;
				SWIFT_APPROACHABLE_CONCURRENCY = YES;
				SWIFT_EMIT_LOC_STRINGS = YES;
				SWIFT_UPCOMING_FEATURE_MEMBER_IMPORT_VISIBILITY = YES;
				SWIFT_VERSION = 5.0;
				TARGETED_DEVICE_FAMILY = 4;
				WATCHOS_DEPLOYMENT_TARGET = 10.6;
			};
			name = Release;
		};
		E9C1769F2FEED96500BFBC18 /* Debug */ = {
			isa = XCBuildConfiguration;
			buildSettings = {
				CODE_SIGN_ENTITLEMENTS = "Orange Cloud File/Orange_Cloud_File.entitlements";
				CODE_SIGN_STYLE = Automatic;
				CURRENT_PROJECT_VERSION = 31;
				DEVELOPMENT_TEAM = 6G78MMY657;
				GENERATE_INFOPLIST_FILE = YES;
				INFOPLIST_FILE = "Orange Cloud File/Info.plist";
				INFOPLIST_KEY_CFBundleDisplayName = "Orange Cloud File";
				INFOPLIST_KEY_NSHumanReadableCopyright = "";
				IPHONEOS_DEPLOYMENT_TARGET = 17.0;
				LD_RUNPATH_SEARCH_PATHS = (
					"$(inherited)",
					"@executable_path/Frameworks",
					"@executable_path/../../Frameworks",
				);
				MARKETING_VERSION = 1.8.4;
				PRODUCT_BUNDLE_IDENTIFIER = "jiamin.chen.orange-cloud.Orange-Cloud-File";
				PRODUCT_NAME = "$(TARGET_NAME)";
				SKIP_INSTALL = YES;
				STRING_CATALOG_GENERATE_SYMBOLS = YES;
				SWIFT_APPROACHABLE_CONCURRENCY = YES;
				SWIFT_EMIT_LOC_STRINGS = YES;
				SWIFT_UPCOMING_FEATURE_MEMBER_IMPORT_VISIBILITY = YES;
				SWIFT_VERSION = 5.0;
				TARGETED_DEVICE_FAMILY = "1,2";
			};
			name = Debug;
		};
		E9C176A02FEED96500BFBC18 /* Release */ = {
			isa = XCBuildConfiguration;
			buildSettings = {
				CODE_SIGN_ENTITLEMENTS = "Orange Cloud File/Orange_Cloud_File.entitlements";
				CODE_SIGN_STYLE = Automatic;
				CURRENT_PROJECT_VERSION = 31;
				DEVELOPMENT_TEAM = 6G78MMY657;
				GENERATE_INFOPLIST_FILE = YES;
				INFOPLIST_FILE = "Orange Cloud File/Info.plist";
				INFOPLIST_KEY_CFBundleDisplayName = "Orange Cloud File";
				INFOPLIST_KEY_NSHumanReadableCopyright = "";
				IPHONEOS_DEPLOYMENT_TARGET = 17.0;
				LD_RUNPATH_SEARCH_PATHS = (
					"$(inherited)",
					"@executable_path/Frameworks",
					"@executable_path/../../Frameworks",
				);
				MARKETING_VERSION = 1.8.4;
				PRODUCT_BUNDLE_IDENTIFIER = "jiamin.chen.orange-cloud.Orange-Cloud-File";
				PRODUCT_NAME = "$(TARGET_NAME)";
				SKIP_INSTALL = YES;
				STRING_CATALOG_GENERATE_SYMBOLS = YES;
				SWIFT_APPROACHABLE_CONCURRENCY = YES;
				SWIFT_EMIT_LOC_STRINGS = YES;
				SWIFT_UPCOMING_FEATURE_MEMBER_IMPORT_VISIBILITY = YES;
				SWIFT_VERSION = 5.0;
				TARGETED_DEVICE_FAMILY = "1,2";
			};
			name = Release;
		};
		E9C18C7C2FF10C7200BFBC18 /* Debug */ = {
			isa = XCBuildConfiguration;
			buildSettings = {
				CODE_SIGN_ENTITLEMENTS = notification/notification.entitlements;
				CODE_SIGN_STYLE = Automatic;
				CURRENT_PROJECT_VERSION = 31;
				DEVELOPMENT_TEAM = 6G78MMY657;
				GENERATE_INFOPLIST_FILE = YES;
				INFOPLIST_FILE = notification/Info.plist;
				INFOPLIST_KEY_CFBundleDisplayName = notification;
				INFOPLIST_KEY_NSHumanReadableCopyright = "";
				IPHONEOS_DEPLOYMENT_TARGET = 17.0;
				LD_RUNPATH_SEARCH_PATHS = (
					"$(inherited)",
					"@executable_path/Frameworks",
					"@executable_path/../../Frameworks",
				);
				MARKETING_VERSION = 1.8.4;
				PRODUCT_BUNDLE_IDENTIFIER = "jiamin.chen.orange-cloud.notification";
				PRODUCT_NAME = "$(TARGET_NAME)";
				SKIP_INSTALL = YES;
				STRING_CATALOG_GENERATE_SYMBOLS = YES;
				SWIFT_APPROACHABLE_CONCURRENCY = YES;
				SWIFT_EMIT_LOC_STRINGS = YES;
				SWIFT_UPCOMING_FEATURE_MEMBER_IMPORT_VISIBILITY = YES;
				SWIFT_VERSION = 5.0;
				TARGETED_DEVICE_FAMILY = "1,2";
			};
			name = Debug;
		};
		E9C18C7D2FF10C7200BFBC18 /* Release */ = {
			isa = XCBuildConfiguration;
			buildSettings = {
				CODE_SIGN_ENTITLEMENTS = notification/notification.entitlements;
				CODE_SIGN_STYLE = Automatic;
				CURRENT_PROJECT_VERSION = 31;
				DEVELOPMENT_TEAM = 6G78MMY657;
				GENERATE_INFOPLIST_FILE = YES;
				INFOPLIST_FILE = notification/Info.plist;
				INFOPLIST_KEY_CFBundleDisplayName = notification;
				INFOPLIST_KEY_NSHumanReadableCopyright = "";
				IPHONEOS_DEPLOYMENT_TARGET = 17.0;
				LD_RUNPATH_SEARCH_PATHS = (
					"$(inherited)",
					"@executable_path/Frameworks",
					"@executable_path/../../Frameworks",
				);
				MARKETING_VERSION = 1.8.4;
				PRODUCT_BUNDLE_IDENTIFIER = "jiamin.chen.orange-cloud.notification";
				PRODUCT_NAME = "$(TARGET_NAME)";
				SKIP_INSTALL = YES;
				STRING_CATALOG_GENERATE_SYMBOLS = YES;
				SWIFT_APPROACHABLE_CONCURRENCY = YES;
				SWIFT_EMIT_LOC_STRINGS = YES;
				SWIFT_UPCOMING_FEATURE_MEMBER_IMPORT_VISIBILITY = YES;
				SWIFT_VERSION = 5.0;
				TARGETED_DEVICE_FAMILY = "1,2";
			};
			name = Release;
		};
		E9EF3A322FD98F7C007C2377 /* Debug */ = {
			isa = XCBuildConfiguration;
			buildSettings = {
				ASSETCATALOG_COMPILER_APPICON_NAME = "Orange Cloud";
				ASSETCATALOG_COMPILER_GLOBAL_ACCENT_COLOR_NAME = AccentColor;
				ASSETCATALOG_COMPILER_INCLUDE_ALL_APPICON_ASSETS = NO;
				CODE_SIGN_ENTITLEMENTS = "Orange Cloud/Orange_Cloud.entitlements";
				CODE_SIGN_STYLE = Automatic;
				CURRENT_PROJECT_VERSION = 31;
				DEVELOPMENT_TEAM = 6G78MMY657;
				ENABLE_PREVIEWS = YES;
				GENERATE_INFOPLIST_FILE = YES;
				INFOPLIST_FILE = "Orange Cloud/Info.plist";
				INFOPLIST_KEY_CFBundleDisplayName = "Orange Cloud";
				INFOPLIST_KEY_ITSAppUsesNonExemptEncryption = NO;
				INFOPLIST_KEY_LSApplicationCategoryType = "public.app-category.developer-tools";
				INFOPLIST_KEY_NSSupportsLiveActivities = YES;
				INFOPLIST_KEY_UIApplicationSceneManifest_Generation = YES;
				INFOPLIST_KEY_UIApplicationSupportsIndirectInputEvents = YES;
				INFOPLIST_KEY_UILaunchScreen_Generation = YES;
				INFOPLIST_KEY_UISupportedInterfaceOrientations = UIInterfaceOrientationPortrait;
				INFOPLIST_KEY_UISupportedInterfaceOrientations_iPad = "UIInterfaceOrientationLandscapeLeft UIInterfaceOrientationLandscapeRight UIInterfaceOrientationPortrait UIInterfaceOrientationPortraitUpsideDown";
				IPHONEOS_DEPLOYMENT_TARGET = 17.0;
				LD_RUNPATH_SEARCH_PATHS = (
					"$(inherited)",
					"@executable_path/Frameworks",
				);
				MARKETING_VERSION = 1.8.4;
				PRODUCT_BUNDLE_IDENTIFIER = "jiamin.chen.orange-cloud";
				PRODUCT_NAME = "$(TARGET_NAME)";
				STRING_CATALOG_GENERATE_SYMBOLS = YES;
				SUPPORTED_PLATFORMS = "iphoneos iphonesimulator";
				SUPPORTS_MACCATALYST = NO;
				SUPPORTS_XR_DESIGNED_FOR_IPHONE_IPAD = YES;
				SWIFT_APPROACHABLE_CONCURRENCY = YES;
				SWIFT_DEFAULT_ACTOR_ISOLATION = MainActor;
				SWIFT_OBJC_BRIDGING_HEADER = "Orange Cloud/OrangeCloud-Bridging-Header.h";
				SWIFT_EMIT_LOC_STRINGS = YES;
				SWIFT_UPCOMING_FEATURE_MEMBER_IMPORT_VISIBILITY = YES;
				SWIFT_VERSION = 5.0;
				TARGETED_DEVICE_FAMILY = "1,2";
			};
			name = Debug;
		};
		E9EF3A332FD98F7C007C2377 /* Release */ = {
			isa = XCBuildConfiguration;
			buildSettings = {
				ASSETCATALOG_COMPILER_APPICON_NAME = "Orange Cloud";
				ASSETCATALOG_COMPILER_GLOBAL_ACCENT_COLOR_NAME = AccentColor;
				ASSETCATALOG_COMPILER_INCLUDE_ALL_APPICON_ASSETS = NO;
				CODE_SIGN_ENTITLEMENTS = "Orange Cloud/Orange_Cloud.entitlements";
				CODE_SIGN_STYLE = Automatic;
				CURRENT_PROJECT_VERSION = 31;
				DEVELOPMENT_TEAM = 6G78MMY657;
				ENABLE_PREVIEWS = YES;
				GENERATE_INFOPLIST_FILE = YES;
				INFOPLIST_FILE = "Orange Cloud/Info.plist";
				INFOPLIST_KEY_CFBundleDisplayName = "Orange Cloud";
				INFOPLIST_KEY_ITSAppUsesNonExemptEncryption = NO;
				INFOPLIST_KEY_LSApplicationCategoryType = "public.app-category.developer-tools";
				INFOPLIST_KEY_NSSupportsLiveActivities = YES;
				INFOPLIST_KEY_UIApplicationSceneManifest_Generation = YES;
				INFOPLIST_KEY_UIApplicationSupportsIndirectInputEvents = YES;
				INFOPLIST_KEY_UILaunchScreen_Generation = YES;
				INFOPLIST_KEY_UISupportedInterfaceOrientations = UIInterfaceOrientationPortrait;
				INFOPLIST_KEY_UISupportedInterfaceOrientations_iPad = "UIInterfaceOrientationLandscapeLeft UIInterfaceOrientationLandscapeRight UIInterfaceOrientationPortrait UIInterfaceOrientationPortraitUpsideDown";
				IPHONEOS_DEPLOYMENT_TARGET = 17.0;
				LD_RUNPATH_SEARCH_PATHS = (
					"$(inherited)",
					"@executable_path/Frameworks",
				);
				MARKETING_VERSION = 1.8.4;
				PRODUCT_BUNDLE_IDENTIFIER = "jiamin.chen.orange-cloud";
				PRODUCT_NAME = "$(TARGET_NAME)";
				STRING_CATALOG_GENERATE_SYMBOLS = YES;
				SUPPORTED_PLATFORMS = "iphoneos iphonesimulator";
				SUPPORTS_MACCATALYST = NO;
				SUPPORTS_XR_DESIGNED_FOR_IPHONE_IPAD = YES;
				SWIFT_APPROACHABLE_CONCURRENCY = YES;
				SWIFT_DEFAULT_ACTOR_ISOLATION = MainActor;
				SWIFT_OBJC_BRIDGING_HEADER = "Orange Cloud/OrangeCloud-Bridging-Header.h";
				SWIFT_EMIT_LOC_STRINGS = YES;
				SWIFT_UPCOMING_FEATURE_MEMBER_IMPORT_VISIBILITY = YES;
				SWIFT_VERSION = 5.0;
				TARGETED_DEVICE_FAMILY = "1,2";
			};
			name = Release;
		};
		E9EF3A342FD98F7C007C2377 /* Debug */ = {
			isa = XCBuildConfiguration;
			buildSettings = {
				ALWAYS_SEARCH_USER_PATHS = NO;
				ASSETCATALOG_COMPILER_GENERATE_SWIFT_ASSET_SYMBOL_EXTENSIONS = YES;
				CLANG_ANALYZER_LOCALIZABILITY_NONLOCALIZED = YES;
				CLANG_ANALYZER_NONNULL = YES;
				CLANG_ANALYZER_NUMBER_OBJECT_CONVERSION = YES_AGGRESSIVE;
				CLANG_CXX_LANGUAGE_STANDARD = "gnu++20";
				CLANG_ENABLE_MODULES = YES;
				CLANG_ENABLE_OBJC_ARC = YES;
				CLANG_ENABLE_OBJC_WEAK = YES;
				CLANG_WARN_BLOCK_CAPTURE_AUTORELEASING = YES;
				CLANG_WARN_BOOL_CONVERSION = YES;
				CLANG_WARN_COMMA = YES;
				CLANG_WARN_CONSTANT_CONVERSION = YES;
				CLANG_WARN_DEPRECATED_OBJC_IMPLEMENTATIONS = YES;
				CLANG_WARN_DIRECT_OBJC_ISA_USAGE = YES_ERROR;
				CLANG_WARN_DOCUMENTATION_COMMENTS = YES;
				CLANG_WARN_EMPTY_BODY = YES;
				CLANG_WARN_ENUM_CONVERSION = YES;
				CLANG_WARN_INFINITE_RECURSION = YES;
				CLANG_WARN_INT_CONVERSION = YES;
				CLANG_WARN_NON_LITERAL_NULL_CONVERSION = YES;
				CLANG_WARN_OBJC_IMPLICIT_RETAIN_SELF = YES;
				CLANG_WARN_OBJC_LITERAL_CONVERSION = YES;
				CLANG_WARN_OBJC_ROOT_CLASS = YES_ERROR;
				CLANG_WARN_QUOTED_INCLUDE_IN_FRAMEWORK_HEADER = YES;
				CLANG_WARN_RANGE_LOOP_ANALYSIS = YES;
				CLANG_WARN_STRICT_PROTOTYPES = YES;
				CLANG_WARN_SUSPICIOUS_MOVE = YES;
				CLANG_WARN_UNGUARDED_AVAILABILITY = YES_AGGRESSIVE;
				CLANG_WARN_UNREACHABLE_CODE = YES;
				CLANG_WARN__DUPLICATE_METHOD_MATCH = YES;
				COPY_PHASE_STRIP = NO;
				DEBUG_INFORMATION_FORMAT = dwarf;
				DEVELOPMENT_TEAM = 6G78MMY657;
				ENABLE_STRICT_OBJC_MSGSEND = YES;
				ENABLE_TESTABILITY = YES;
				ENABLE_USER_SCRIPT_SANDBOXING = YES;
				GCC_C_LANGUAGE_STANDARD = gnu17;
				GCC_DYNAMIC_NO_PIC = NO;
				GCC_NO_COMMON_BLOCKS = YES;
				GCC_OPTIMIZATION_LEVEL = 0;
				GCC_PREPROCESSOR_DEFINITIONS = (
					"DEBUG=1",
					"$(inherited)",
				);
				GCC_WARN_64_TO_32_BIT_CONVERSION = YES;
				GCC_WARN_ABOUT_RETURN_TYPE = YES_ERROR;
				GCC_WARN_UNDECLARED_SELECTOR = YES;
				GCC_WARN_UNINITIALIZED_AUTOS = YES_AGGRESSIVE;
				GCC_WARN_UNUSED_FUNCTION = YES;
				GCC_WARN_UNUSED_VARIABLE = YES;
				IPHONEOS_DEPLOYMENT_TARGET = 17.0;
				LOCALIZATION_PREFERS_STRING_CATALOGS = YES;
				MTL_ENABLE_DEBUG_INFO = INCLUDE_SOURCE;
				MTL_FAST_MATH = YES;
				ONLY_ACTIVE_ARCH = YES;
				SDKROOT = iphoneos;
				STRING_CATALOG_GENERATE_SYMBOLS = YES;
				SWIFT_ACTIVE_COMPILATION_CONDITIONS = "DEBUG $(inherited)";
				SWIFT_OPTIMIZATION_LEVEL = "-Onone";
			};
			name = Debug;
		};
		E9EF3A352FD98F7C007C2377 /* Release */ = {
			isa = XCBuildConfiguration;
			buildSettings = {
				ALWAYS_SEARCH_USER_PATHS = NO;
				ASSETCATALOG_COMPILER_GENERATE_SWIFT_ASSET_SYMBOL_EXTENSIONS = YES;
				CLANG_ANALYZER_LOCALIZABILITY_NONLOCALIZED = YES;
				CLANG_ANALYZER_NONNULL = YES;
				CLANG_ANALYZER_NUMBER_OBJECT_CONVERSION = YES_AGGRESSIVE;
				CLANG_CXX_LANGUAGE_STANDARD = "gnu++20";
				CLANG_ENABLE_MODULES = YES;
				CLANG_ENABLE_OBJC_ARC = YES;
				CLANG_ENABLE_OBJC_WEAK = YES;
				CLANG_WARN_BLOCK_CAPTURE_AUTORELEASING = YES;
				CLANG_WARN_BOOL_CONVERSION = YES;
				CLANG_WARN_COMMA = YES;
				CLANG_WARN_CONSTANT_CONVERSION = YES;
				CLANG_WARN_DEPRECATED_OBJC_IMPLEMENTATIONS = YES;
				CLANG_WARN_DIRECT_OBJC_ISA_USAGE = YES_ERROR;
				CLANG_WARN_DOCUMENTATION_COMMENTS = YES;
				CLANG_WARN_EMPTY_BODY = YES;
				CLANG_WARN_ENUM_CONVERSION = YES;
				CLANG_WARN_INFINITE_RECURSION = YES;
				CLANG_WARN_INT_CONVERSION = YES;
				CLANG_WARN_NON_LITERAL_NULL_CONVERSION = YES;
				CLANG_WARN_OBJC_IMPLICIT_RETAIN_SELF = YES;
				CLANG_WARN_OBJC_LITERAL_CONVERSION = YES;
				CLANG_WARN_OBJC_ROOT_CLASS = YES_ERROR;
				CLANG_WARN_QUOTED_INCLUDE_IN_FRAMEWORK_HEADER = YES;
				CLANG_WARN_RANGE_LOOP_ANALYSIS = YES;
				CLANG_WARN_STRICT_PROTOTYPES = YES;
				CLANG_WARN_SUSPICIOUS_MOVE = YES;
				CLANG_WARN_UNGUARDED_AVAILABILITY = YES_AGGRESSIVE;
				CLANG_WARN_UNREACHABLE_CODE = YES;
				CLANG_WARN__DUPLICATE_METHOD_MATCH = YES;
				COPY_PHASE_STRIP = NO;
				DEBUG_INFORMATION_FORMAT = "dwarf-with-dsym";
				DEVELOPMENT_TEAM = 6G78MMY657;
				ENABLE_NS_ASSERTIONS = NO;
				ENABLE_STRICT_OBJC_MSGSEND = YES;
				ENABLE_USER_SCRIPT_SANDBOXING = YES;
				GCC_C_LANGUAGE_STANDARD = gnu17;
				GCC_NO_COMMON_BLOCKS = YES;
				GCC_WARN_64_TO_32_BIT_CONVERSION = YES;
				GCC_WARN_ABOUT_RETURN_TYPE = YES_ERROR;
				GCC_WARN_UNDECLARED_SELECTOR = YES;
				GCC_WARN_UNINITIALIZED_AUTOS = YES_AGGRESSIVE;
				GCC_WARN_UNUSED_FUNCTION = YES;
				GCC_WARN_UNUSED_VARIABLE = YES;
				IPHONEOS_DEPLOYMENT_TARGET = 17.0;
				LOCALIZATION_PREFERS_STRING_CATALOGS = YES;
				MTL_ENABLE_DEBUG_INFO = NO;
				MTL_FAST_MATH = YES;
				SDKROOT = iphoneos;
				STRING_CATALOG_GENERATE_SYMBOLS = YES;
				SWIFT_COMPILATION_MODE = wholemodule;
				VALIDATE_PRODUCT = YES;
			};
			name = Release;
		};
/* End XCBuildConfiguration section */

/* Begin XCConfigurationList section */
		AB12CD000000000000000008 /* Build configuration list for PBXNativeTarget "OrangeCloudWidgetsExtension" */ = {
			isa = XCConfigurationList;
			buildConfigurations = (
				AB12CD000000000000000009 /* Debug */,
				AB12CD00000000000000000A /* Release */,
			);
			defaultConfigurationIsVisible = 0;
			defaultConfigurationName = Release;
		};
		E9AD1A7A2FE1B6A90020AAAF /* Build configuration list for PBXNativeTarget "Orange Cloud Watch Watch App" */ = {
			isa = XCConfigurationList;
			buildConfigurations = (
				E9AD1A7B2FE1B6A90020AAAF /* Debug */,
				E9AD1A7C2FE1B6A90020AAAF /* Release */,
			);
			defaultConfigurationIsVisible = 0;
			defaultConfigurationName = Release;
		};
		E9AD1A972FE1B6CB0020AAAF /* Build configuration list for PBXNativeTarget "Orange Cloud WatchExtension" */ = {
			isa = XCConfigurationList;
			buildConfigurations = (
				E9AD1A982FE1B6CB0020AAAF /* Debug */,
				E9AD1A992FE1B6CB0020AAAF /* Release */,
			);
			defaultConfigurationIsVisible = 0;
			defaultConfigurationName = Release;
		};
		E9C176A52FEED96500BFBC18 /* Build configuration list for PBXNativeTarget "Orange Cloud File" */ = {
			isa = XCConfigurationList;
			buildConfigurations = (
				E9C1769F2FEED96500BFBC18 /* Debug */,
				E9C176A02FEED96500BFBC18 /* Release */,
			);
			defaultConfigurationIsVisible = 0;
			defaultConfigurationName = Release;
		};
		E9C18C7E2FF10C7200BFBC18 /* Build configuration list for PBXNativeTarget "notification" */ = {
			isa = XCConfigurationList;
			buildConfigurations = (
				E9C18C7C2FF10C7200BFBC18 /* Debug */,
				E9C18C7D2FF10C7200BFBC18 /* Release */,
			);
			defaultConfigurationIsVisible = 0;
			defaultConfigurationName = Release;
		};
		E9EF3A1E2FD98F7B007C2377 /* Build configuration list for PBXProject "Orange Cloud" */ = {
			isa = XCConfigurationList;
			buildConfigurations = (
				E9EF3A342FD98F7C007C2377 /* Debug */,
				E9EF3A352FD98F7C007C2377 /* Release */,
			);
			defaultConfigurationIsVisible = 0;
			defaultConfigurationName = Release;
		};
		E9EF3A312FD98F7C007C2377 /* Build configuration list for PBXNativeTarget "Orange Cloud" */ = {
			isa = XCConfigurationList;
			buildConfigurations = (
				E9EF3A322FD98F7C007C2377 /* Debug */,
				E9EF3A332FD98F7C007C2377 /* Release */,
			);
			defaultConfigurationIsVisible = 0;
			defaultConfigurationName = Release;
		};
/* End XCConfigurationList section */

/* Begin XCRemoteSwiftPackageReference section */
		5EAB1E0000000000000000E1 /* XCRemoteSwiftPackageReference "sentry-cocoa" */ = {
			isa = XCRemoteSwiftPackageReference;
			repositoryURL = "https://github.com/getsentry/sentry-cocoa";
			requirement = {
				kind = upToNextMajorVersion;
				minimumVersion = 8.0.0;
			};
		};
/* End XCRemoteSwiftPackageReference section */

/* Begin XCSwiftPackageProductDependency section */
		5EAB1E0000000000000000E2 /* Sentry */ = {
			isa = XCSwiftPackageProductDependency;
			package = 5EAB1E0000000000000000E1 /* XCRemoteSwiftPackageReference "sentry-cocoa" */;
			productName = Sentry;
		};
/* End XCSwiftPackageProductDependency section */
	};
	rootObject = E9EF3A1B2FD98F7B007C2377 /* Project object */;
}
